// !$*UTF8*$!
{
	archiveVersion = 1;
	classes = {
	};
	objectVersion = 46;
	objects = {

/* Begin PBXBuildFile section */
		19B1A49319D934B700698532 /* AppDelegate.swift in Sources */ = {isa = PBXBuildFile; fileRef = 19B1A49219D934B700698532 /* AppDelegate.swift */; };
		19B1A49519D934B700698532 /* HomeViewController.swift in Sources */ = {isa = PBXBuildFile; fileRef = 19B1A49419D934B700698532 /* HomeViewController.swift */; };
		19B1A49719D934B700698532 /* ArroundViewController.swift in Sources */ = {isa = PBXBuildFile; fileRef = 19B1A49619D934B700698532 /* ArroundViewController.swift */; };
		19B1A49A19D934B700698532 /* Main.storyboard in Resources */ = {isa = PBXBuildFile; fileRef = 19B1A49819D934B700698532 /* Main.storyboard */; };
		19B1A49C19D934B700698532 /* Images.xcassets in Resources */ = {isa = PBXBuildFile; fileRef = 19B1A49B19D934B700698532 /* Images.xcassets */; };
		19B1A49F19D934B700698532 /* LaunchScreen.xib in Resources */ = {isa = PBXBuildFile; fileRef = 19B1A49D19D934B700698532 /* LaunchScreen.xib */; };
		19B1A4AB19D934B700698532 /* erhuoTests.swift in Sources */ = {isa = PBXBuildFile; fileRef = 19B1A4AA19D934B700698532 /* erhuoTests.swift */; };
		19B1A4B519D9369000698532 /* EhuoTabbarController.swift in Sources */ = {isa = PBXBuildFile; fileRef = 19B1A4B419D9369000698532 /* EhuoTabbarController.swift */; };
		19B1A4B719D9395800698532 /* EhuoTabbar.swift in Sources */ = {isa = PBXBuildFile; fileRef = 19B1A4B619D9395800698532 /* EhuoTabbar.swift */; };
/* End PBXBuildFile section */

/* Begin PBXContainerItemProxy section */
		19B1A4A519D934B700698532 /* PBXContainerItemProxy */ = {
			isa = PBXContainerItemProxy;
			containerPortal = 19B1A48519D934B700698532 /* Project object */;
			proxyType = 1;
			remoteGlobalIDString = 19B1A48C19D934B700698532;
			remoteInfo = erhuo;
		};
/* End PBXContainerItemProxy section */

/* Begin PBXFileReference section */
		19B1A48D19D934B700698532 /* erhuo.app */ = {isa = PBXFileReference; explicitFileType = wrapper.application; includeInIndex = 0; path = erhuo.app; sourceTree = BUILT_PRODUCTS_DIR; };
		19B1A49119D934B700698532 /* Info.plist */ = {isa = PBXFileReference; lastKnownFileType = text.plist.xml; path = Info.plist; sourceTree = "<group>"; };
		19B1A49219D934B700698532 /* AppDelegate.swift */ = {isa = PBXFileReference; lastKnownFileType = sourcecode.swift; path = AppDelegate.swift; sourceTree = "<group>"; };
		19B1A49419D934B700698532 /* HomeViewController.swift */ = {isa = PBXFileReference; lastKnownFileType = sourcecode.swift; path = HomeViewController.swift; sourceTree = "<group>"; };
		19B1A49619D934B700698532 /* ArroundViewController.swift */ = {isa = PBXFileReference; lastKnownFileType = sourcecode.swift; path = ArroundViewController.swift; sourceTree = "<group>"; };
		19B1A49919D934B700698532 /* Base */ = {isa = PBXFileReference; lastKnownFileType = file.storyboard; name = Base; path = Base.lproj/Main.storyboard; sourceTree = "<group>"; };
		19B1A49B19D934B700698532 /* Images.xcassets */ = {isa = PBXFileReference; lastKnownFileType = folder.assetcatalog; path = Images.xcassets; sourceTree = "<group>"; };
		19B1A49E19D934B700698532 /* Base */ = {isa = PBXFileReference; lastKnownFileType = file.xib; name = Base; path = Base.lproj/LaunchScreen.xib; sourceTree = "<group>"; };
		19B1A4A419D934B700698532 /* erhuoTests.xctest */ = {isa = PBXFileReference; explicitFileType = wrapper.cfbundle; includeInIndex = 0; path = erhuoTests.xctest; sourceTree = BUILT_PRODUCTS_DIR; };
		19B1A4A919D934B700698532 /* Info.plist */ = {isa = PBXFileReference; lastKnownFileType = text.plist.xml; path = Info.plist; sourceTree = "<group>"; };
		19B1A4AA19D934B700698532 /* erhuoTests.swift */ = {isa = PBXFileReference; lastKnownFileType = sourcecode.swift; path = erhuoTests.swift; sourceTree = "<group>"; };
		19B1A4B419D9369000698532 /* EhuoTabbarController.swift */ = {isa = PBXFileReference; fileEncoding = 4; lastKnownFileType = sourcecode.swift; path = EhuoTabbarController.swift; sourceTree = "<group>"; };
		19B1A4B619D9395800698532 /* EhuoTabbar.swift */ = {isa = PBXFileReference; fileEncoding = 4; lastKnownFileType = sourcecode.swift; path = EhuoTabbar.swift; sourceTree = "<group>"; };
/* End PBXFileReference section */

/* Begin PBXFrameworksBuildPhase section */
		19B1A48A19D934B700698532 /* Frameworks */ = {
			isa = PBXFrameworksBuildPhase;
			buildActionMask = 2147483647;
			files = (
			);
			runOnlyForDeploymentPostprocessing = 0;
		};
		19B1A4A119D934B700698532 /* Frameworks */ = {
			isa = PBXFrameworksBuildPhase;
			buildActionMask = 2147483647;
			files = (
			);
			runOnlyForDeploymentPostprocessing = 0;
		};
/* End PBXFrameworksBuildPhase section */

/* Begin PBXGroup section */
		19B1A48419D934B700698532 = {
			isa = PBXGroup;
			children = (
				19B1A48F19D934B700698532 /* erhuo */,
				19B1A4A719D934B700698532 /* erhuoTests */,
				19B1A48E19D934B700698532 /* Products */,
			);
			sourceTree = "<group>";
		};
		19B1A48E19D934B700698532 /* Products */ = {
			isa = PBXGroup;
			children = (
				19B1A48D19D934B700698532 /* erhuo.app */,
				19B1A4A419D934B700698532 /* erhuoTests.xctest */,
			);
			name = Products;
			sourceTree = "<group>";
		};
		19B1A48F19D934B700698532 /* erhuo */ = {
			isa = PBXGroup;
			children = (
				19B1A4B619D9395800698532 /* EhuoTabbar.swift */,
				19B1A4B419D9369000698532 /* EhuoTabbarController.swift */,
				19B1A49219D934B700698532 /* AppDelegate.swift */,
				19B1A49419D934B700698532 /* HomeViewController.swift */,
				19B1A49619D934B700698532 /* ArroundViewController.swift */,
				19B1A49819D934B700698532 /* Main.storyboard */,
				19B1A49B19D934B700698532 /* Images.xcassets */,
				19B1A49D19D934B700698532 /* LaunchScreen.xib */,
				19B1A49019D934B700698532 /* Supporting Files */,
			);
			path = erhuo;
			sourceTree = "<group>";
		};
		19B1A49019D934B700698532 /* Supporting Files */ = {
			isa = PBXGroup;
			children = (
				19B1A49119D934B700698532 /* Info.plist */,
			);
			name = "Supporting Files";
			sourceTree = "<group>";
		};
		19B1A4A719D934B700698532 /* erhuoTests */ = {
			isa = PBXGroup;
			children = (
				19B1A4AA19D934B700698532 /* erhuoTests.swift */,
				19B1A4A819D934B700698532 /* Supporting Files */,
			);
			path = erhuoTests;
			sourceTree = "<group>";
		};
		19B1A4A819D934B700698532 /* Supporting Files */ = {
			isa = PBXGroup;
			children = (
				19B1A4A919D934B700698532 /* Info.plist */,
			);
			name = "Supporting Files";
			sourceTree = "<group>";
		};
/* End PBXGroup section */

/* Begin PBXNativeTarget section */
		19B1A48C19D934B700698532 /* erhuo */ = {
			isa = PBXNativeTarget;
			buildConfigurationList = 19B1A4AE19D934B700698532 /* Build configuration list for PBXNativeTarget "erhuo" */;
			buildPhases = (
				19B1A48919D934B700698532 /* Sources */,
				19B1A48A19D934B700698532 /* Frameworks */,
				19B1A48B19D934B700698532 /* Resources */,
			);
			buildRules = (
			);
			dependencies = (
			);
			name = erhuo;
			productName = erhuo;
			productReference = 19B1A48D19D934B700698532 /* erhuo.app */;
			productType = "com.apple.product-type.application";
		};
		19B1A4A319D934B700698532 /* erhuoTests */ = {
			isa = PBXNativeTarget;
			buildConfigurationList = 19B1A4B119D934B700698532 /* Build configuration list for PBXNativeTarget "erhuoTests" */;
			buildPhases = (
				19B1A4A019D934B700698532 /* Sources */,
				19B1A4A119D934B700698532 /* Frameworks */,
				19B1A4A219D934B700698532 /* Resources */,
			);
			buildRules = (
			);
			dependencies = (
				19B1A4A619D934B700698532 /* PBXTargetDependency */,
			);
			name = erhuoTests;
			productName = erhuoTests;
			productReference = 19B1A4A419D934B700698532 /* erhuoTests.xctest */;
			productType = "com.apple.product-type.bundle.unit-test";
		};
/* End PBXNativeTarget section */

/* Begin PBXProject section */
		19B1A48519D934B700698532 /* Project object */ = {
			isa = PBXProject;
			attributes = {
				LastUpgradeCheck = 0610;
				ORGANIZATIONNAME = "Jerry Jiang";
				TargetAttributes = {
					19B1A48C19D934B700698532 = {
						CreatedOnToolsVersion = 6.1;
					};
					19B1A4A319D934B700698532 = {
						CreatedOnToolsVersion = 6.1;
						TestTargetID = 19B1A48C19D934B700698532;
					};
				};
			};
			buildConfigurationList = 19B1A48819D934B700698532 /* Build configuration list for PBXProject "erhuo" */;
			compatibilityVersion = "Xcode 3.2";
			developmentRegion = English;
			hasScannedForEncodings = 0;
			knownRegions = (
				en,
				Base,
			);
			mainGroup = 19B1A48419D934B700698532;
			productRefGroup = 19B1A48E19D934B700698532 /* Products */;
			projectDirPath = "";
			projectRoot = "";
			targets = (
				19B1A48C19D934B700698532 /* erhuo */,
				19B1A4A319D934B700698532 /* erhuoTests */,
			);
		};
/* End PBXProject section */

/* Begin PBXResourcesBuildPhase section */
		19B1A48B19D934B700698532 /* Resources */ = {
			isa = PBXResourcesBuildPhase;
			buildActionMask = 2147483647;
			files = (
				19B1A49A19D934B700698532 /* Main.storyboard in Resources */,
				19B1A49F19D934B700698532 /* LaunchScreen.xib in Resources */,
				19B1A49C19D934B700698532 /* Images.xcassets in Resources */,
			);
			runOnlyForDeploymentPostprocessing = 0;
		};
		19B1A4A219D934B700698532 /* Resources */ = {
			isa = PBXResourcesBuildPhase;
			buildActionMask = 2147483647;
			files = (
			);
			runOnlyForDeploymentPostprocessing = 0;
		};
/* End PBXResourcesBuildPhase section */

/* Begin PBXSourcesBuildPhase section */
		19B1A48919D934B700698532 /* Sources */ = {
			isa = PBXSourcesBuildPhase;
			buildActionMask = 2147483647;
			files = (
				19B1A4B719D9395800698532 /* EhuoTabbar.swift in Sources */,
				19B1A49719D934B700698532 /* ArroundViewController.swift in Sources */,
				19B1A49319D934B700698532 /* AppDelegate.swift in Sources */,
				19B1A49519D934B700698532 /* HomeViewController.swift in Sources */,
				19B1A4B519D9369000698532 /* EhuoTabbarController.swift in Sources */,
			);
			runOnlyForDeploymentPostprocessing = 0;
		};
		19B1A4A019D934B700698532 /* Sources */ = {
			isa = PBXSourcesBuildPhase;
			buildActionMask = 2147483647;
			files = (
				19B1A4AB19D934B700698532 /* erhuoTests.swift in Sources */,
			);
			runOnlyForDeploymentPostprocessing = 0;
		};
/* End PBXSourcesBuildPhase section */

/* Begin PBXTargetDependency section */
		19B1A4A619D934B700698532 /* PBXTargetDependency */ = {
			isa = PBXTargetDependency;
			target = 19B1A48C19D934B700698532 /* erhuo */;
			targetProxy = 19B1A4A519D934B700698532 /* PBXContainerItemProxy */;
		};
/* End PBXTargetDependency section */

/* Begin PBXVariantGroup section */
		19B1A49819D934B700698532 /* Main.storyboard */ = {
			isa = PBXVariantGroup;
			children = (
				19B1A49919D934B700698532 /* Base */,
			);
			name = Main.storyboard;
			sourceTree = "<group>";
		};
		19B1A49D19D934B700698532 /* LaunchScreen.xib */ = {
			isa = PBXVariantGroup;
			children = (
				19B1A49E19D934B700698532 /* Base */,
			);
			name = LaunchScreen.xib;
			sourceTree = "<group>";
		};
/* End PBXVariantGroup section */

/* Begin XCBuildConfiguration section */
		19B1A4AC19D934B700698532 /* Debug */ = {
			isa = XCBuildConfiguration;
			buildSettings = {
				ALWAYS_SEARCH_USER_PATHS = NO;
				CLANG_CXX_LANGUAGE_STANDARD = "gnu++0x";
				CLANG_CXX_LIBRARY = "libc++";
				CLANG_ENABLE_MODULES = YES;
				CLANG_ENABLE_OBJC_ARC = YES;
				CLANG_WARN_BOOL_CONVERSION = YES;
				CLANG_WARN_CONSTANT_CONVERSION = YES;
				CLANG_WARN_DIRECT_OBJC_ISA_USAGE = YES_ERROR;
				CLANG_WARN_EMPTY_BODY = YES;
				CLANG_WARN_ENUM_CONVERSION = YES;
				CLANG_WARN_INT_CONVERSION = YES;
				CLANG_WARN_OBJC_ROOT_CLASS = YES_ERROR;
				CLANG_WARN_UNREACHABLE_CODE = YES;
				CLANG_WARN__DUPLICATE_METHOD_MATCH = YES;
				"CODE_SIGN_IDENTITY[sdk=iphoneos*]" = "iPhone Developer";
				COPY_PHASE_STRIP = NO;
				ENABLE_STRICT_OBJC_MSGSEND = YES;
				GCC_C_LANGUAGE_STANDARD = gnu99;
				GCC_DYNAMIC_NO_PIC = NO;
				GCC_OPTIMIZATION_LEVEL = 0;
				GCC_PREPROCESSOR_DEFINITIONS = (
					"DEBUG=1",
					"$(inherited)",
				);
				GCC_SYMBOLS_PRIVATE_EXTERN = NO;
				GCC_WARN_64_TO_32_BIT_CONVERSION = YES;
				GCC_WARN_ABOUT_RETURN_TYPE = YES_ERROR;
				GCC_WARN_UNDECLARED_SELECTOR = YES;
				GCC_WARN_UNINITIALIZED_AUTOS = YES_AGGRESSIVE;
				GCC_WARN_UNUSED_FUNCTION = YES;
				GCC_WARN_UNUSED_VARIABLE = YES;
				IPHONEOS_DEPLOYMENT_TARGET = 8.0;
				MTL_ENABLE_DEBUG_INFO = YES;
				ONLY_ACTIVE_ARCH = YES;
				SDKROOT = iphoneos;
				SWIFT_OPTIMIZATION_LEVEL = "-Onone";
			};
			name = Debug;
		};
		19B1A4AD19D934B700698532 /* Release */ = {
			isa = XCBuildConfiguration;
			buildSettings = {
				ALWAYS_SEARCH_USER_PATHS = NO;
				CLANG_CXX_LANGUAGE_STANDARD = "gnu++0x";
				CLANG_CXX_LIBRARY = "libc++";
				CLANG_ENABLE_MODULES = YES;
				CLANG_ENABLE_OBJC_ARC = YES;
				CLANG_WARN_BOOL_CONVERSION = YES;
				CLANG_WARN_CONSTANT_CONVERSION = YES;
				CLANG_WARN_DIRECT_OBJC_ISA_USAGE = YES_ERROR;
				CLANG_WARN_EMPTY_BODY = YES;
				CLANG_WARN_ENUM_CONVERSION = YES;
				CLANG_WARN_INT_CONVERSION = YES;
				CLANG_WARN_OBJC_ROOT_CLASS = YES_ERROR;
				CLANG_WARN_UNREACHABLE_CODE = YES;
				CLANG_WARN__DUPLICATE_METHOD_MATCH = YES;
				"CODE_SIGN_IDENTITY[sdk=iphoneos*]" = "iPhone Developer";
				COPY_PHASE_STRIP = YES;
				ENABLE_NS_ASSERTIONS = NO;
				ENABLE_STRICT_OBJC_MSGSEND = YES;
				GCC_C_LANGUAGE_STANDARD = gnu99;
				GCC_WARN_64_TO_32_BIT_CONVERSION = YES;
				GCC_WARN_ABOUT_RETURN_TYPE = YES_ERROR;
				GCC_WARN_UNDECLARED_SELECTOR = YES;
				GCC_WARN_UNINITIALIZED_AUTOS = YES_AGGRESSIVE;
				GCC_WARN_UNUSED_FUNCTION = YES;
				GCC_WARN_UNUSED_VARIABLE = YES;
				IPHONEOS_DEPLOYMENT_TARGET = 8.0;
				MTL_ENABLE_DEBUG_INFO = NO;
				SDKROOT = iphoneos;
				VALIDATE_PRODUCT = YES;
			};
			name = Release;
		};
		19B1A4AF19D934B700698532 /* Debug */ = {
			isa = XCBuildConfiguration;
			buildSettings = {
				ASSETCATALOG_COMPILER_APPICON_NAME = AppIcon;
				INFOPLIST_FILE = erhuo/Info.plist;
				LD_RUNPATH_SEARCH_PATHS = "$(inherited) @executable_path/Frameworks";
				PRODUCT_NAME = "$(TARGET_NAME)";
			};
			name = Debug;
		};
		19B1A4B019D934B700698532 /* Release */ = {
			isa = XCBuildConfiguration;
			buildSettings = {
				ASSETCATALOG_COMPILER_APPICON_NAME = AppIcon;
				INFOPLIST_FILE = erhuo/Info.plist;
				LD_RUNPATH_SEARCH_PATHS = "$(inherited) @executable_path/Frameworks";
				PRODUCT_NAME = "$(TARGET_NAME)";
			};
			name = Release;
		};
		19B1A4B219D934B700698532 /* Debug */ = {
			isa = XCBuildConfiguration;
			buildSettings = {
				BUNDLE_LOADER = "$(TEST_HOST)";
				FRAMEWORK_SEARCH_PATHS = (
					"$(SDKROOT)/Developer/Library/Frameworks",
					"$(inherited)",
				);
				GCC_PREPROCESSOR_DEFINITIONS = (
					"DEBUG=1",
					"$(inherited)",
				);
				INFOPLIST_FILE = erhuoTests/Info.plist;
				LD_RUNPATH_SEARCH_PATHS = "$(inherited) @executable_path/Frameworks @loader_path/Frameworks";
				PRODUCT_NAME = "$(TARGET_NAME)";
				TEST_HOST = "$(BUILT_PRODUCTS_DIR)/erhuo.app/erhuo";
			};
			name = Debug;
		};
		19B1A4B319D934B700698532 /* Release */ = {
			isa = XCBuildConfiguration;
			buildSettings = {
				BUNDLE_LOADER = "$(TEST_HOST)";
				FRAMEWORK_SEARCH_PATHS = (
					"$(SDKROOT)/Developer/Library/Frameworks",
					"$(inherited)",
				);
				INFOPLIST_FILE = erhuoTests/Info.plist;
				LD_RUNPATH_SEARCH_PATHS = "$(inherited) @executable_path/Frameworks @loader_path/Frameworks";
				PRODUCT_NAME = "$(TARGET_NAME)";
				TEST_HOST = "$(BUILT_PRODUCTS_DIR)/erhuo.app/erhuo";
			};
			name = Release;
		};
/* End XCBuildConfiguration section */

/* Begin XCConfigurationList section */
		19B1A48819D934B700698532 /* Build configuration list for PBXProject "erhuo" */ = {
			isa = XCConfigurationList;
			buildConfigurations = (
				19B1A4AC19D934B700698532 /* Debug */,
				19B1A4AD19D934B700698532 /* Release */,
			);
			defaultConfigurationIsVisible = 0;
			defaultConfigurationName = Release;
		};
		19B1A4AE19D934B700698532 /* Build configuration list for PBXNativeTarget "erhuo" */ = {
			isa = XCConfigurationList;
			buildConfigurations = (
				19B1A4AF19D934B700698532 /* Debug */,
				19B1A4B019D934B700698532 /* Release */,
			);
			defaultConfigurationIsVisible = 0;
		};
		19B1A4B119D934B700698532 /* Build configuration list for PBXNativeTarget "erhuoTests" */ = {
			isa = XCConfigurationList;
			buildConfigurations = (
				19B1A4B219D934B700698532 /* Debug */,
				19B1A4B319D934B700698532 /* Release */,
			);
			defaultConfigurationIsVisible = 0;
		};
/* End XCConfigurationList section */
	};
	rootObject = 19B1A48519D934B700698532 /* Project object */;
}
